<?xml version="1.0" encoding="utf-8"?>
<Project ToolsVersion="4.0" xmlns="http://schemas.microsoft.com/developer/msbuild/2003">
  <ItemGroup>
    <Filter Include="Header Files">
      <UniqueIdentifier>{93995380-89BD-4b04-88EB-625FBE52EBFB}</UniqueIdentifier>
      <Extensions>h;hh;hpp;hxx;hm;inl;inc;ipp;xsd</Extensions>
    </Filter>
    <Filter Include="Resource Files">
      <UniqueIdentifier>{67DA6AB6-F800-4c08-8B7A-83BB121AAD01}</UniqueIdentifier>
      <Extensions>rc;ico;cur;bmp;dlg;rc2;rct;bin;rgs;gif;jpg;jpeg;jpe;resx;tiff;tif;png;wav;mfcribbon-ms</Extensions>
    </Filter>
    <Filter Include="WindowElements">
      <UniqueIdentifier>{056ee52a-c4c8-4a41-9b24-3ddedb6e1f97}</UniqueIdentifier>
    </Filter>
    <Filter Include="Core">
      <UniqueIdentifier>{2c2cc788-3580-45f8-b384-c4ffb98980a4}</UniqueIdentifier>
    </Filter>
    <Filter Include="Events">
      <UniqueIdentifier>{4580e53b-e6df-4fa4-a846-f59a0431383a}</UniqueIdentifier>
    </Filter>
    <Filter Include="StateManager">
      <UniqueIdentifier>{410370e1-fa92-428a-8b0a-9de2b7ff914f}</UniqueIdentifier>
    </Filter>
    <Filter Include="StateManager\States">
      <UniqueIdentifier>{f88b8dde-8c82-4ab4-bc39-890739d820a9}</UniqueIdentifier>
    </Filter>
    <Filter Include="ResourceManager">
      <UniqueIdentifier>{dc8fb5bb-5286-4c98-a55e-81bf82210a83}</UniqueIdentifier>
    </Filter>
    <Filter Include="SpriteSheet">
      <UniqueIdentifier>{a5d7b37b-7a2e-4490-83c9-c6a9e0432e1f}</UniqueIdentifier>
    </Filter>
    <Filter Include="SpriteSheet\Animations">
      <UniqueIdentifier>{e12b9367-d86c-4f7b-8599-0df1e16f8537}</UniqueIdentifier>
    </Filter>
    <Filter Include="Map">
      <UniqueIdentifier>{447ed151-f291-4c1f-88a6-8d5bfce4fd62}</UniqueIdentifier>
    </Filter>
    <Filter Include="Entities">
      <UniqueIdentifier>{b5aed024-9f23-41d4-9488-96dda293c5f1}</UniqueIdentifier>
    </Filter>
  </ItemGroup>
  <ItemGroup>
    <ClCompile Include="TextBox.cpp">
      <Filter>WindowElements</Filter>
    </ClCompile>
    <ClCompile Include="Game.cpp">
      <Filter>Core</Filter>
    </ClCompile>
    <ClCompile Include="main.cpp">
      <Filter>Core</Filter>
    </ClCompile>
    <ClCompile Include="Window.cpp">
      <Filter>Core</Filter>
    </ClCompile>
    <ClCompile Include="StateManager.cpp">
      <Filter>StateManager</Filter>
    </ClCompile>
    <ClCompile Include="EventManager.cpp">
      <Filter>Events</Filter>
    </ClCompile>
    <ClCompile Include="State_Game.cpp">
      <Filter>StateManager\States</Filter>
    </ClCompile>
    <ClCompile Include="State_Intro.cpp">
      <Filter>StateManager\States</Filter>
    </ClCompile>
    <ClCompile Include="State_Menu.cpp">
      <Filter>StateManager\States</Filter>
    </ClCompile>
    <ClCompile Include="State_Paused.cpp">
      <Filter>StateManager\States</Filter>
    </ClCompile>
    <ClCompile Include="pch.cpp">
      <Filter>Header Files</Filter>
    </ClCompile>
    <ClCompile Include="SpriteSheet.cpp">
      <Filter>SpriteSheet</Filter>
    </ClCompile>
    <ClCompile Include="Anim_Base.cpp">
      <Filter>SpriteSheet\Animations</Filter>
    </ClCompile>
    <ClCompile Include="Anim_Directional.cpp">
      <Filter>SpriteSheet\Animations</Filter>
    </ClCompile>
    <ClCompile Include="Map.cpp">
      <Filter>Map</Filter>
    </ClCompile>
    <ClCompile Include="EntityBase.cpp">
      <Filter>Entities</Filter>
    </ClCompile>
    <ClCompile Include="EntityManager.cpp">
      <Filter>Entities</Filter>
    </ClCompile>
    <ClCompile Include="Character.cpp">
      <Filter>Entities</Filter>
    </ClCompile>
  </ItemGroup>
  <ItemGroup>
    <ClInclude Include="SharedContext.h">
      <Filter>Header Files</Filter>
    </ClInclude>
    <ClInclude Include="TextBox.h">
      <Filter>WindowElements</Filter>
    </ClInclude>
    <ClInclude Include="Game.h">
      <Filter>Core</Filter>
    </ClInclude>
    <ClInclude Include="Window.h">
      <Filter>Core</Filter>
    </ClInclude>
    <ClInclude Include="StateManager.h">
      <Filter>StateManager</Filter>
    </ClInclude>
    <ClInclude Include="EventManager.h">
      <Filter>Events</Filter>
    </ClInclude>
    <ClInclude Include="BaseState.h">
      <Filter>StateManager\States</Filter>
    </ClInclude>
    <ClInclude Include="State_Game.h">
      <Filter>StateManager\States</Filter>
    </ClInclude>
    <ClInclude Include="State_Intro.h">
      <Filter>StateManager\States</Filter>
    </ClInclude>
    <ClInclude Include="State_Menu.h">
      <Filter>StateManager\States</Filter>
    </ClInclude>
    <ClInclude Include="State_Paused.h">
      <Filter>StateManager\States</Filter>
    </ClInclude>
    <ClInclude Include="Utilities.h">
      <Filter>Header Files</Filter>
    </ClInclude>
    <ClInclude Include="pch.h">
      <Filter>Header Files</Filter>
    </ClInclude>
    <ClInclude Include="ResourceManager.h">
      <Filter>ResourceManager</Filter>
    </ClInclude>
    <ClInclude Include="TextureManager.h">
      <Filter>ResourceManager</Filter>
    </ClInclude>
    <ClInclude Include="SpriteSheet.h">
      <Filter>SpriteSheet</Filter>
    </ClInclude>
    <ClInclude Include="Anim_Base.h">
      <Filter>SpriteSheet\Animations</Filter>
    </ClInclude>
    <ClInclude Include="Direction.h">
      <Filter>Header Files</Filter>
    </ClInclude>
    <ClInclude Include="Anim_Directional.h">
      <Filter>SpriteSheet\Animations</Filter>
    </ClInclude>
    <ClInclude Include="Map.h">
      <Filter>Map</Filter>
    </ClInclude>
    <ClInclude Include="EntityBase.h">
      <Filter>Entities</Filter>
    </ClInclude>
    <ClInclude Include="EntityManager.h">
      <Filter>Entities</Filter>
    </ClInclude>
    <ClInclude Include="Character.h">
      <Filter>Entities</Filter>
    </ClInclude>
  </ItemGroup>
</Project>