<?xml version="1.0" encoding="utf-8"?>
<Project ToolsVersion="4.0" xmlns="http://schemas.microsoft.com/developer/msbuild/2003">
  <ItemGroup>
    <Filter Include="Source Files">
      <UniqueIdentifier>{4FC737F1-C7A5-4376-A066-2A32D752A2FF}</UniqueIdentifier>
      <Extensions>cpp;c;cc;cxx;def;odl;idl;hpj;bat;asm;asmx</Extensions>
    </Filter>
    <Filter Include="Header Files">
      <UniqueIdentifier>{93995380-89BD-4b04-88EB-625FBE52EBFB}</UniqueIdentifier>
      <Extensions>h;hh;hpp;hxx;hm;inl;inc;ipp;xsd</Extensions>
    </Filter>
    <Filter Include="Resource Files">
      <UniqueIdentifier>{67DA6AB6-F800-4c08-8B7A-83BB121AAD01}</UniqueIdentifier>
      <Extensions>rc;ico;cur;bmp;dlg;rc2;rct;bin;rgs;gif;jpg;jpeg;jpe;resx;tiff;tif;png;wav;mfcribbon-ms</Extensions>
    </Filter>
    <Filter Include="WindowElements">
      <UniqueIdentifier>{056ee52a-c4c8-4a41-9b24-3ddedb6e1f97}</UniqueIdentifier>
    </Filter>
    <Filter Include="Core">
      <UniqueIdentifier>{2c2cc788-3580-45f8-b384-c4ffb98980a4}</UniqueIdentifier>
    </Filter>
    <Filter Include="Events">
      <UniqueIdentifier>{4580e53b-e6df-4fa4-a846-f59a0431383a}</UniqueIdentifier>
    </Filter>
    <Filter Include="Recources">
      <UniqueIdentifier>{dc8fb5bb-5286-4c98-a55e-81bf82210a83}</UniqueIdentifier>
    </Filter>
    <Filter Include="StateManager">
      <UniqueIdentifier>{410370e1-fa92-428a-8b0a-9de2b7ff914f}</UniqueIdentifier>
    </Filter>
    <Filter Include="StateManager\States">
      <UniqueIdentifier>{f88b8dde-8c82-4ab4-bc39-890739d820a9}</UniqueIdentifier>
    </Filter>
  </ItemGroup>
  <ItemGroup>
    <ClCompile Include="TextBox.cpp">
      <Filter>WindowElements</Filter>
    </ClCompile>
    <ClCompile Include="Game.cpp">
      <Filter>Core</Filter>
    </ClCompile>
    <ClCompile Include="main.cpp">
      <Filter>Core</Filter>
    </ClCompile>
    <ClCompile Include="Window.cpp">
      <Filter>Core</Filter>
    </ClCompile>
    <ClCompile Include="StateManager.cpp">
      <Filter>StateManager</Filter>
    </ClCompile>
    <ClCompile Include="EventManager.cpp">
      <Filter>Events</Filter>
    </ClCompile>
    <ClCompile Include="State_Game.cpp">
      <Filter>StateManager\States</Filter>
    </ClCompile>
    <ClCompile Include="State_Intro.cpp">
      <Filter>StateManager\States</Filter>
    </ClCompile>
    <ClCompile Include="State_Menu.cpp">
      <Filter>StateManager\States</Filter>
    </ClCompile>
    <ClCompile Include="State_Paused.cpp">
      <Filter>StateManager\States</Filter>
    </ClCompile>
    <ClCompile Include="pch.cpp">
      <Filter>Resource Files</Filter>
    </ClCompile>
  </ItemGroup>
  <ItemGroup>
    <ClInclude Include="SharedContext.h">
      <Filter>Header Files</Filter>
    </ClInclude>
    <ClInclude Include="TextBox.h">
      <Filter>WindowElements</Filter>
    </ClInclude>
    <ClInclude Include="Game.h">
      <Filter>Core</Filter>
    </ClInclude>
    <ClInclude Include="Window.h">
      <Filter>Core</Filter>
    </ClInclude>
    <ClInclude Include="StateManager.h">
      <Filter>StateManager</Filter>
    </ClInclude>
    <ClInclude Include="EventManager.h">
      <Filter>Events</Filter>
    </ClInclude>
    <ClInclude Include="BaseState.h">
      <Filter>StateManager\States</Filter>
    </ClInclude>
    <ClInclude Include="State_Game.h">
      <Filter>StateManager\States</Filter>
    </ClInclude>
    <ClInclude Include="State_Intro.h">
      <Filter>StateManager\States</Filter>
    </ClInclude>
    <ClInclude Include="State_Menu.h">
      <Filter>StateManager\States</Filter>
    </ClInclude>
    <ClInclude Include="State_Paused.h">
      <Filter>StateManager\States</Filter>
    </ClInclude>
    <ClInclude Include="Utilities.h">
      <Filter>Header Files</Filter>
    </ClInclude>
    <ClInclude Include="pch.h">
      <Filter>Header Files</Filter>
    </ClInclude>
  </ItemGroup>
</Project>