<?xml version="1.0" encoding="utf-8"?>
<Project ToolsVersion="4.0" xmlns="http://schemas.microsoft.com/developer/msbuild/2003">
  <ItemGroup>
    <Filter Include="Source Files">
      <UniqueIdentifier>{4FC737F1-C7A5-4376-A066-2A32D752A2FF}</UniqueIdentifier>
      <Extensions>cpp;c;cc;cxx;def;odl;idl;hpj;bat;asm;asmx</Extensions>
    </Filter>
    <Filter Include="Header Files">
      <UniqueIdentifier>{93995380-89BD-4b04-88EB-625FBE52EBFB}</UniqueIdentifier>
      <Extensions>h;hh;hpp;hxx;hm;inl;inc;ipp;xsd</Extensions>
    </Filter>
    <Filter Include="Resource Files">
      <UniqueIdentifier>{67DA6AB6-F800-4c08-8B7A-83BB121AAD01}</UniqueIdentifier>
      <Extensions>rc;ico;cur;bmp;dlg;rc2;rct;bin;rgs;gif;jpg;jpeg;jpe;resx;tiff;tif;png;wav;mfcribbon-ms</Extensions>
    </Filter>
    <Filter Include="States">
      <UniqueIdentifier>{410370e1-fa92-428a-8b0a-9de2b7ff914f}</UniqueIdentifier>
    </Filter>
    <Filter Include="Core system">
      <UniqueIdentifier>{75295d99-9a10-4b41-aed5-f0cb9b88f000}</UniqueIdentifier>
    </Filter>
    <Filter Include="RecourceManagers">
      <UniqueIdentifier>{6582e4e0-eb19-4901-87a4-f8b2d2d041e0}</UniqueIdentifier>
    </Filter>
    <Filter Include="Animations">
      <UniqueIdentifier>{b00df6f9-3a50-4967-b1bc-bdd7e4c27eb6}</UniqueIdentifier>
    </Filter>
  </ItemGroup>
  <ItemGroup>
    <ClCompile Include="main.cpp">
      <Filter>Source Files</Filter>
    </ClCompile>
    <ClCompile Include="TextBox.cpp">
      <Filter>Source Files</Filter>
    </ClCompile>
    <ClCompile Include="State_Intro.cpp">
      <Filter>States</Filter>
    </ClCompile>
    <ClCompile Include="State_Menu.cpp">
      <Filter>States</Filter>
    </ClCompile>
    <ClCompile Include="State_Game.cpp">
      <Filter>States</Filter>
    </ClCompile>
    <ClCompile Include="State_Paused.cpp">
      <Filter>States</Filter>
    </ClCompile>
    <ClCompile Include="Game.cpp">
      <Filter>Core system</Filter>
    </ClCompile>
    <ClCompile Include="Window.cpp">
      <Filter>Core system</Filter>
    </ClCompile>
    <ClCompile Include="StateManager.cpp">
      <Filter>Core system</Filter>
    </ClCompile>
    <ClCompile Include="EventManager.cpp">
      <Filter>Core system</Filter>
    </ClCompile>
    <ClCompile Include="pch.cpp">
      <Filter>Source Files</Filter>
    </ClCompile>
    <ClCompile Include="Anim_Base.cpp">
      <Filter>Animations</Filter>
    </ClCompile>
    <ClCompile Include="Anim_Directional.cpp">
      <Filter>Animations</Filter>
    </ClCompile>
    <ClCompile Include="SpriteSheet.cpp">
      <Filter>Animations</Filter>
    </ClCompile>
  </ItemGroup>
  <ItemGroup>
    <ClInclude Include="TextBox.h">
      <Filter>Header Files</Filter>
    </ClInclude>
    <ClInclude Include="SharedContext.h">
      <Filter>Header Files</Filter>
    </ClInclude>
    <ClInclude Include="State_Intro.h">
      <Filter>States</Filter>
    </ClInclude>
    <ClInclude Include="BaseState.h">
      <Filter>States</Filter>
    </ClInclude>
    <ClInclude Include="State_Menu.h">
      <Filter>States</Filter>
    </ClInclude>
    <ClInclude Include="State_Game.h">
      <Filter>States</Filter>
    </ClInclude>
    <ClInclude Include="State_Paused.h">
      <Filter>States</Filter>
    </ClInclude>
    <ClInclude Include="Utilities.h">
      <Filter>Header Files</Filter>
    </ClInclude>
    <ClInclude Include="Game.h">
      <Filter>Core system</Filter>
    </ClInclude>
    <ClInclude Include="Window.h">
      <Filter>Core system</Filter>
    </ClInclude>
    <ClInclude Include="ResourceManager.h">
      <Filter>RecourceManagers</Filter>
    </ClInclude>
    <ClInclude Include="StateManager.h">
      <Filter>Core system</Filter>
    </ClInclude>
    <ClInclude Include="EventManager.h">
      <Filter>Core system</Filter>
    </ClInclude>
    <ClInclude Include="TextureManager.h">
      <Filter>RecourceManagers</Filter>
    </ClInclude>
    <ClInclude Include="pch.h">
      <Filter>Header Files</Filter>
    </ClInclude>
    <ClInclude Include="Anim_Base.h">
      <Filter>Animations</Filter>
    </ClInclude>
    <ClInclude Include="Direction.h">
      <Filter>Animations</Filter>
    </ClInclude>
    <ClInclude Include="Anim_Directional.h">
      <Filter>Animations</Filter>
    </ClInclude>
    <ClInclude Include="SpriteSheet.h">
      <Filter>Animations</Filter>
    </ClInclude>
  </ItemGroup>
  <ItemGroup>
    <None Include="config\keys.cfg">
      <Filter>Resource Files</Filter>
    </None>
  </ItemGroup>
</Project>